
Microsoft Visual Studio Solution File, Format Version 11.00
# Visual Studio 2010
Project("{FAE04EC0-301F-11D3-BF4B-00C04F79EFBC}") = "KlopIfaces", "KlopIfaces\KlopIfaces.csproj", "{A2E756E0-6FDA-4463-9516-33DA651CC060}"
EndProject
Project("{FAE04EC0-301F-11D3-BF4B-00C04F79EFBC}") = "KlopModel", "KlopModel\KlopModel.csproj", "{74D8AB0B-B339-4974-BFCF-359E498F559A}"
EndProject
Project("{FAE04EC0-301F-11D3-BF4B-00C04F79EFBC}") = "KlopViewWpf", "KlopViewWpf\KlopViewWpf.csproj", "{B1BC10B4-2D13-4A57-846C-DF507AB4A311}"
EndProject
Global
	GlobalSection(SolutionConfigurationPlatforms) = preSolution
		Debug|Any CPU = Debug|Any CPU
		Release|Any CPU = Release|Any CPU
	EndGlobalSection
	GlobalSection(ProjectConfigurationPlatforms) = postSolution
		{A2E756E0-6FDA-4463-9516-33DA651CC060}.Debug|Any CPU.ActiveCfg = Debug|Any CPU
		{A2E756E0-6FDA-4463-9516-33DA651CC060}.Debug|Any CPU.Build.0 = Debug|Any CPU
		{A2E756E0-6FDA-4463-9516-33DA651CC060}.Release|Any CPU.ActiveCfg = Release|Any CPU
		{A2E756E0-6FDA-4463-9516-33DA651CC060}.Release|Any CPU.Build.0 = Release|Any CPU
		{74D8AB0B-B339-4974-BFCF-359E498F559A}.Debug|Any CPU.ActiveCfg = Debug|Any CPU
		{74D8AB0B-B339-4974-BFCF-359E498F559A}.Debug|Any CPU.Build.0 = Debug|Any CPU
		{74D8AB0B-B339-4974-BFCF-359E498F559A}.Release|Any CPU.ActiveCfg = Release|Any CPU
		{74D8AB0B-B339-4974-BFCF-359E498F559A}.Release|Any CPU.Build.0 = Release|Any CPU
		{B1BC10B4-2D13-4A57-846C-DF507AB4A311}.Debug|Any CPU.ActiveCfg = Debug|Any CPU
		{B1BC10B4-2D13-4A57-846C-DF507AB4A311}.Debug|Any CPU.Build.0 = Debug|Any CPU
		{B1BC10B4-2D13-4A57-846C-DF507AB4A311}.Release|Any CPU.ActiveCfg = Release|Any CPU
		{B1BC10B4-2D13-4A57-846C-DF507AB4A311}.Release|Any CPU.Build.0 = Release|Any CPU
	EndGlobalSection
	GlobalSection(SolutionProperties) = preSolution
		HideSolutionNode = FALSE
	EndGlobalSection
EndGlobal
