
Microsoft Visual Studio Solution File, Format Version 11.00
# Visual Studio 2010
Project("{FAE04EC0-301F-11D3-BF4B-00C04F79EFBC}") = "KlopIfaces", "KlopIfaces\KlopIfaces.csproj", "{A2E756E0-6FDA-4463-9516-33DA651CC060}"
EndProject
Project("{FAE04EC0-301F-11D3-BF4B-00C04F79EFBC}") = "KlopModel", "KlopModel\KlopModel.csproj", "{74D8AB0B-B339-4974-BFCF-359E498F559A}"
EndProject
Project("{FAE04EC0-301F-11D3-BF4B-00C04F79EFBC}") = "KlopViewWpf", "KlopViewWpf\KlopViewWpf.csproj", "{B1BC10B4-2D13-4A57-846C-DF507AB4A311}"
EndProject
Project("{FAE04EC0-301F-11D3-BF4B-00C04F79EFBC}") = "KlopModelTests", "KlopModelTests\KlopModelTests.csproj", "{0B5A150B-E0CC-4D70-B12D-1DFED8E04B7A}"
EndProject
Project("{2150E333-8FDC-42A3-9474-1A3956D46DE8}") = "Solution Items", "Solution Items", "{B7BD8881-1E69-42C0-922F-2115338EE7FB}"
	ProjectSection(SolutionItems) = preProject
		Klopodavka.vsmdi = Klopodavka.vsmdi
		Local.testsettings = Local.testsettings
		TraceAndTestImpact.testsettings = TraceAndTestImpact.testsettings
	EndProjectSection
EndProject
Project("{FAE04EC0-301F-11D3-BF4B-00C04F79EFBC}") = "KlopAi", "KlopAi\KlopAi.csproj", "{A09EB2F0-D527-4742-9878-955E9D744802}"
EndProject
Project("{FAE04EC0-301F-11D3-BF4B-00C04F79EFBC}") = "Common", "Common\Common.csproj", "{E1FB3A42-B601-4817-BF82-08FB4EF4F771}"
EndProject
Global
	GlobalSection(TestCaseManagementSettings) = postSolution
		CategoryFile = Klopodavka.vsmdi
	EndGlobalSection
	GlobalSection(SolutionConfigurationPlatforms) = preSolution
		Debug|Any CPU = Debug|Any CPU
		Release|Any CPU = Release|Any CPU
	EndGlobalSection
	GlobalSection(ProjectConfigurationPlatforms) = postSolution
		{A2E756E0-6FDA-4463-9516-33DA651CC060}.Debug|Any CPU.ActiveCfg = Debug|Any CPU
		{A2E756E0-6FDA-4463-9516-33DA651CC060}.Debug|Any CPU.Build.0 = Debug|Any CPU
		{A2E756E0-6FDA-4463-9516-33DA651CC060}.Release|Any CPU.ActiveCfg = Release|Any CPU
		{A2E756E0-6FDA-4463-9516-33DA651CC060}.Release|Any CPU.Build.0 = Release|Any CPU
		{74D8AB0B-B339-4974-BFCF-359E498F559A}.Debug|Any CPU.ActiveCfg = Debug|Any CPU
		{74D8AB0B-B339-4974-BFCF-359E498F559A}.Debug|Any CPU.Build.0 = Debug|Any CPU
		{74D8AB0B-B339-4974-BFCF-359E498F559A}.Release|Any CPU.ActiveCfg = Release|Any CPU
		{74D8AB0B-B339-4974-BFCF-359E498F559A}.Release|Any CPU.Build.0 = Release|Any CPU
		{B1BC10B4-2D13-4A57-846C-DF507AB4A311}.Debug|Any CPU.ActiveCfg = Debug|Any CPU
		{B1BC10B4-2D13-4A57-846C-DF507AB4A311}.Debug|Any CPU.Build.0 = Debug|Any CPU
		{B1BC10B4-2D13-4A57-846C-DF507AB4A311}.Release|Any CPU.ActiveCfg = Release|Any CPU
		{B1BC10B4-2D13-4A57-846C-DF507AB4A311}.Release|Any CPU.Build.0 = Release|Any CPU
		{0B5A150B-E0CC-4D70-B12D-1DFED8E04B7A}.Debug|Any CPU.ActiveCfg = Debug|Any CPU
		{0B5A150B-E0CC-4D70-B12D-1DFED8E04B7A}.Debug|Any CPU.Build.0 = Debug|Any CPU
		{0B5A150B-E0CC-4D70-B12D-1DFED8E04B7A}.Release|Any CPU.ActiveCfg = Release|Any CPU
		{0B5A150B-E0CC-4D70-B12D-1DFED8E04B7A}.Release|Any CPU.Build.0 = Release|Any CPU
		{A09EB2F0-D527-4742-9878-955E9D744802}.Debug|Any CPU.ActiveCfg = Debug|Any CPU
		{A09EB2F0-D527-4742-9878-955E9D744802}.Debug|Any CPU.Build.0 = Debug|Any CPU
		{A09EB2F0-D527-4742-9878-955E9D744802}.Release|Any CPU.ActiveCfg = Release|Any CPU
		{A09EB2F0-D527-4742-9878-955E9D744802}.Release|Any CPU.Build.0 = Release|Any CPU
		{E1FB3A42-B601-4817-BF82-08FB4EF4F771}.Debug|Any CPU.ActiveCfg = Debug|Any CPU
		{E1FB3A42-B601-4817-BF82-08FB4EF4F771}.Debug|Any CPU.Build.0 = Debug|Any CPU
		{E1FB3A42-B601-4817-BF82-08FB4EF4F771}.Release|Any CPU.ActiveCfg = Release|Any CPU
		{E1FB3A42-B601-4817-BF82-08FB4EF4F771}.Release|Any CPU.Build.0 = Release|Any CPU
	EndGlobalSection
	GlobalSection(SolutionProperties) = preSolution
		HideSolutionNode = FALSE
	EndGlobalSection
EndGlobal
