
Microsoft Visual Studio Solution File, Format Version 12.00
# Visual Studio 15
VisualStudioVersion = 15.0.26124.0
MinimumVisualStudioVersion = 15.0.26124.0
Project("{2150E333-8FDC-42A3-9474-1A3956D46DE8}") = "src", "src", "{274DD28D-5B60-460D-ADD2-A954D31487F2}"
EndProject
Project("{F2A71F9B-5D33-465A-A702-920D77279786}") = "Klopodavka.Game", "src\Klopodavka.Game\Klopodavka.Game.fsproj", "{F1D5B18F-FF5E-4E31-986A-660BA91CB8A2}"
EndProject
Project("{2150E333-8FDC-42A3-9474-1A3956D46DE8}") = "tests", "tests", "{3479B111-3FFF-419B-892F-14D37855096F}"
EndProject
Project("{F2A71F9B-5D33-465A-A702-920D77279786}") = "Klopodavka.Game.Tests", "tests\Klopodavka.Game.Tests\Klopodavka.Game.Tests.fsproj", "{EF5F21AE-4AAA-48D1-B35A-AE5D1384238A}"
EndProject
Project("{F2A71F9B-5D33-465A-A702-920D77279786}") = "Klopodavka.BlazorUi", "src\Klopodavka.BlazorUi\Klopodavka.BlazorUi.fsproj", "{DB6FC64C-F798-49DD-8B5B-08B096296897}"
EndProject
Global
	GlobalSection(SolutionConfigurationPlatforms) = preSolution
		Debug|Any CPU = Debug|Any CPU
		Debug|x64 = Debug|x64
		Debug|x86 = Debug|x86
		Release|Any CPU = Release|Any CPU
		Release|x64 = Release|x64
		Release|x86 = Release|x86
	EndGlobalSection
	GlobalSection(SolutionProperties) = preSolution
		HideSolutionNode = FALSE
	EndGlobalSection
	GlobalSection(ProjectConfigurationPlatforms) = postSolution
		{F1D5B18F-FF5E-4E31-986A-660BA91CB8A2}.Debug|Any CPU.ActiveCfg = Debug|Any CPU
		{F1D5B18F-FF5E-4E31-986A-660BA91CB8A2}.Debug|Any CPU.Build.0 = Debug|Any CPU
		{F1D5B18F-FF5E-4E31-986A-660BA91CB8A2}.Debug|x64.ActiveCfg = Debug|Any CPU
		{F1D5B18F-FF5E-4E31-986A-660BA91CB8A2}.Debug|x64.Build.0 = Debug|Any CPU
		{F1D5B18F-FF5E-4E31-986A-660BA91CB8A2}.Debug|x86.ActiveCfg = Debug|Any CPU
		{F1D5B18F-FF5E-4E31-986A-660BA91CB8A2}.Debug|x86.Build.0 = Debug|Any CPU
		{F1D5B18F-FF5E-4E31-986A-660BA91CB8A2}.Release|Any CPU.ActiveCfg = Release|Any CPU
		{F1D5B18F-FF5E-4E31-986A-660BA91CB8A2}.Release|Any CPU.Build.0 = Release|Any CPU
		{F1D5B18F-FF5E-4E31-986A-660BA91CB8A2}.Release|x64.ActiveCfg = Release|Any CPU
		{F1D5B18F-FF5E-4E31-986A-660BA91CB8A2}.Release|x64.Build.0 = Release|Any CPU
		{F1D5B18F-FF5E-4E31-986A-660BA91CB8A2}.Release|x86.ActiveCfg = Release|Any CPU
		{F1D5B18F-FF5E-4E31-986A-660BA91CB8A2}.Release|x86.Build.0 = Release|Any CPU
		{EF5F21AE-4AAA-48D1-B35A-AE5D1384238A}.Debug|Any CPU.ActiveCfg = Debug|Any CPU
		{EF5F21AE-4AAA-48D1-B35A-AE5D1384238A}.Debug|Any CPU.Build.0 = Debug|Any CPU
		{EF5F21AE-4AAA-48D1-B35A-AE5D1384238A}.Debug|x64.ActiveCfg = Debug|Any CPU
		{EF5F21AE-4AAA-48D1-B35A-AE5D1384238A}.Debug|x64.Build.0 = Debug|Any CPU
		{EF5F21AE-4AAA-48D1-B35A-AE5D1384238A}.Debug|x86.ActiveCfg = Debug|Any CPU
		{EF5F21AE-4AAA-48D1-B35A-AE5D1384238A}.Debug|x86.Build.0 = Debug|Any CPU
		{EF5F21AE-4AAA-48D1-B35A-AE5D1384238A}.Release|Any CPU.ActiveCfg = Release|Any CPU
		{EF5F21AE-4AAA-48D1-B35A-AE5D1384238A}.Release|Any CPU.Build.0 = Release|Any CPU
		{EF5F21AE-4AAA-48D1-B35A-AE5D1384238A}.Release|x64.ActiveCfg = Release|Any CPU
		{EF5F21AE-4AAA-48D1-B35A-AE5D1384238A}.Release|x64.Build.0 = Release|Any CPU
		{EF5F21AE-4AAA-48D1-B35A-AE5D1384238A}.Release|x86.ActiveCfg = Release|Any CPU
		{EF5F21AE-4AAA-48D1-B35A-AE5D1384238A}.Release|x86.Build.0 = Release|Any CPU
		{DB6FC64C-F798-49DD-8B5B-08B096296897}.Debug|Any CPU.ActiveCfg = Debug|Any CPU
		{DB6FC64C-F798-49DD-8B5B-08B096296897}.Debug|Any CPU.Build.0 = Debug|Any CPU
		{DB6FC64C-F798-49DD-8B5B-08B096296897}.Debug|x64.ActiveCfg = Debug|Any CPU
		{DB6FC64C-F798-49DD-8B5B-08B096296897}.Debug|x64.Build.0 = Debug|Any CPU
		{DB6FC64C-F798-49DD-8B5B-08B096296897}.Debug|x86.ActiveCfg = Debug|Any CPU
		{DB6FC64C-F798-49DD-8B5B-08B096296897}.Debug|x86.Build.0 = Debug|Any CPU
		{DB6FC64C-F798-49DD-8B5B-08B096296897}.Release|Any CPU.ActiveCfg = Release|Any CPU
		{DB6FC64C-F798-49DD-8B5B-08B096296897}.Release|Any CPU.Build.0 = Release|Any CPU
		{DB6FC64C-F798-49DD-8B5B-08B096296897}.Release|x64.ActiveCfg = Release|Any CPU
		{DB6FC64C-F798-49DD-8B5B-08B096296897}.Release|x64.Build.0 = Release|Any CPU
		{DB6FC64C-F798-49DD-8B5B-08B096296897}.Release|x86.ActiveCfg = Release|Any CPU
		{DB6FC64C-F798-49DD-8B5B-08B096296897}.Release|x86.Build.0 = Release|Any CPU
	EndGlobalSection
	GlobalSection(NestedProjects) = preSolution
		{F1D5B18F-FF5E-4E31-986A-660BA91CB8A2} = {274DD28D-5B60-460D-ADD2-A954D31487F2}
		{EF5F21AE-4AAA-48D1-B35A-AE5D1384238A} = {3479B111-3FFF-419B-892F-14D37855096F}
		{DB6FC64C-F798-49DD-8B5B-08B096296897} = {274DD28D-5B60-460D-ADD2-A954D31487F2}
	EndGlobalSection
EndGlobal
